# THIS IS AN AUTOGENERATED FILE. DO NOT EDIT THIS FILE DIRECTLY.
# yarn lockfile v1


"hammerjs@^2.0.8":
  "integrity" "sha1-BO93hiz/K7edMPdpIJWTAiK/YPE="
  "resolved" "https://registry.npmjs.org/hammerjs/-/hammerjs-2.0.8.tgz"
  "version" "2.0.8"

"jquery@^3.5.1":
  "integrity" "sha512-XwIBPqcMn57FxfT+Go5pzySnm4KWkT1Tv7gjrpT1srtf8Weynl6R273VJ5GjkRb51IzMp5nbaPjJXMWeju2MKg=="
  "resolved" "https://registry.npmjs.org/jquery/-/jquery-3.5.1.tgz"
  "version" "3.5.1"

"material-design-icons@^3.0.1":
  "integrity" "sha1-mnHEh0chjrylHlGmbaaCA4zct78="
  "resolved" "https://registry.npmjs.org/material-design-icons/-/material-design-icons-3.0.1.tgz"
  "version" "3.0.1"

"materialize-css@^1.0.0-rc.2":
  "integrity" "sha512-FuQmSyq4Qv0ov7A2qXw0E6/jbQzSWx2P1pg2/XQDYTkkSc/GyiFAxu3fw9zgShwuTvyumEiw5jkxQWT9siqMBQ=="
  "resolved" "https://registry.npmjs.org/materialize-css/-/materialize-css-1.0.0-rc.2.tgz"
  "version" "1.0.0-rc.2"

"typescript@^4.2.4":
  "integrity" "sha512-V+evlYHZnQkaz8TRBuxTA92yZBPotr5H+WhQ7bD3hZUndx5tGOa1fuCgeSjxAzM1RiN5IzvadIXTVefuuwZCRg=="
  "resolved" "https://registry.npmjs.org/typescript/-/typescript-4.2.4.tgz"
  "version" "4.2.4"
